# THIS IS AN AUTOGENERATED FILE. DO NOT EDIT THIS FILE DIRECTLY.
# yarn lockfile v1


"@types/body-parser@*":
  version "1.17.1"
  resolved "https://registry.npm.taobao.org/@types/body-parser/download/@types/body-parser-1.17.1.tgz#18fcf61768fb5c30ccc508c21d6fd2e8b3bf7897"
  integrity sha1-GPz2F2j7XDDMxQjCHW/S6LO/eJc=
  dependencies:
    "@types/connect" "*"
    "@types/node" "*"

"@types/connect@*":
  version "3.4.32"
  resolved "https://registry.npm.taobao.org/@types/connect/download/@types/connect-3.4.32.tgz?cache=0&sync_timestamp=1567531896019&other_urls=https%3A%2F%2Fregistry.npm.taobao.org%2F%40types%2Fconnect%2Fdownload%2F%40types%2Fconnect-3.4.32.tgz#aa0e9616b9435ccad02bc52b5b454ffc2c70ba28"
  integrity sha1-qg6WFrlDXMrQK8UrW0VP/Cxwuig=
  dependencies:
    "@types/node" "*"

"@types/express-serve-static-core@*":
  version "4.16.9"
  resolved "https://registry.npm.taobao.org/@types/express-serve-static-core/download/@types/express-serve-static-core-4.16.9.tgz?cache=0&sync_timestamp=1567532326967&other_urls=https%3A%2F%2Fregistry.npm.taobao.org%2F%40types%2Fexpress-serve-static-core%2Fdownload%2F%40types%2Fexpress-serve-static-core-4.16.9.tgz#69e00643b0819b024bdede95ced3ff239bb54558"
  integrity sha1-aeAGQ7CBmwJL3t6VztP/I5u1RVg=
  dependencies:
    "@types/node" "*"
    "@types/range-parser" "*"

"@types/express@^4.17.1":
  version "4.17.1"
  resolved "https://registry.npm.taobao.org/@types/express/download/@types/express-4.17.1.tgz#4cf7849ae3b47125a567dfee18bfca4254b88c5c"
  integrity sha1-TPeEmuO0cSWlZ9/uGL/KQlS4jFw=
  dependencies:
    "@types/body-parser" "*"
    "@types/express-serve-static-core" "*"
    "@types/serve-static" "*"

"@types/jest-diff@*":
  version "20.0.1"
  resolved "https://registry.npm.taobao.org/@types/jest-diff/download/@types/jest-diff-20.0.1.tgz#35cc15b9c4f30a18ef21852e255fdb02f6d59b89"
  integrity sha1-NcwVucTzChjvIYUuJV/bAvbVm4k=

"@types/jest@^24.0.18":
  version "24.0.18"
  resolved "https://registry.npm.taobao.org/@types/jest/download/@types/jest-24.0.18.tgz#9c7858d450c59e2164a8a9df0905fc5091944498"
  integrity sha1-nHhY1FDFniFkqKnfCQX8UJGURJg=
  dependencies:
    "@types/jest-diff" "*"

"@types/lodash@^4.14.138":
  version "4.14.138"
  resolved "https://registry.npm.taobao.org/@types/lodash/download/@types/lodash-4.14.138.tgz?cache=0&other_urls=https%3A%2F%2Fregistry.npm.taobao.org%2F%40types%2Flodash%2Fdownload%2F%40types%2Flodash-4.14.138.tgz#34f52640d7358230308344e579c15b378d91989e"
  integrity sha1-NPUmQNc1gjAwg0TlecFbN42RmJ4=

"@types/mime@*":
  version "2.0.1"
  resolved "https://registry.npm.taobao.org/@types/mime/download/@types/mime-2.0.1.tgz?cache=0&other_urls=https%3A%2F%2Fregistry.npm.taobao.org%2F%40types%2Fmime%2Fdownload%2F%40types%2Fmime-2.0.1.tgz#dc488842312a7f075149312905b5e3c0b054c79d"
  integrity sha1-3EiIQjEqfwdRSTEpBbXjwLBUx50=

"@types/node@*":
  version "12.7.5"
  resolved "https://registry.npm.taobao.org/@types/node/download/@types/node-12.7.5.tgz?cache=0&sync_timestamp=1568180598397&other_urls=https%3A%2F%2Fregistry.npm.taobao.org%2F%40types%2Fnode%2Fdownload%2F%40types%2Fnode-12.7.5.tgz#e19436e7f8e9b4601005d73673b6dc4784ffcc2f"
  integrity sha1-4ZQ25/jptGAQBdc2c7bcR4T/zC8=

"@types/range-parser@*":
  version "1.2.3"
  resolved "https://registry.npm.taobao.org/@types/range-parser/download/@types/range-parser-1.2.3.tgz#7ee330ba7caafb98090bece86a5ee44115904c2c"
  integrity sha1-fuMwunyq+5gJC+zoal7kQRWQTCw=

"@types/serve-static@*":
  version "1.13.3"
  resolved "https://registry.npm.taobao.org/@types/serve-static/download/@types/serve-static-1.13.3.tgz?cache=0&sync_timestamp=1567534816341&other_urls=https%3A%2F%2Fregistry.npm.taobao.org%2F%40types%2Fserve-static%2Fdownload%2F%40types%2Fserve-static-1.13.3.tgz#eb7e1c41c4468272557e897e9171ded5e2ded9d1"
  integrity sha1-634cQcRGgnJVfol+kXHe1eLe2dE=
  dependencies:
    "@types/express-serve-static-core" "*"
    "@types/mime" "*"
